
Microsoft Visual Studio Solution File, Format Version 12.00
# Visual Studio Version 17
VisualStudioVersion = 17.9.34607.119
MinimumVisualStudioVersion = 10.0.40219.1
Project("{FAE04EC0-301F-11D3-BF4B-00C04F79EFBC}") = "appCPC.WebAPi", "appCPC.WebAPi\appCPC.WebAPi.csproj", "{A7FFFFE4-DA43-4250-B033-A3070369E6A3}"
EndProject
Project("{FAE04EC0-301F-11D3-BF4B-00C04F79EFBC}") = "appCPC.DataAcces", "appCPC.DataAcces\appCPC.DataAcces.csproj", "{AB2D9879-0BD1-4468-A8C7-575EB37BBA39}"
EndProject
Global
	GlobalSection(SolutionConfigurationPlatforms) = preSolution
		Debug|Any CPU = Debug|Any CPU
		Release|Any CPU = Release|Any CPU
	EndGlobalSection
	GlobalSection(ProjectConfigurationPlatforms) = postSolution
		{A7FFFFE4-DA43-4250-B033-A3070369E6A3}.Debug|Any CPU.ActiveCfg = Debug|Any CPU
		{A7FFFFE4-DA43-4250-B033-A3070369E6A3}.Debug|Any CPU.Build.0 = Debug|Any CPU
		{A7FFFFE4-DA43-4250-B033-A3070369E6A3}.Release|Any CPU.ActiveCfg = Release|Any CPU
		{A7FFFFE4-DA43-4250-B033-A3070369E6A3}.Release|Any CPU.Build.0 = Release|Any CPU
		{AB2D9879-0BD1-4468-A8C7-575EB37BBA39}.Debug|Any CPU.ActiveCfg = Debug|Any CPU
		{AB2D9879-0BD1-4468-A8C7-575EB37BBA39}.Debug|Any CPU.Build.0 = Debug|Any CPU
		{AB2D9879-0BD1-4468-A8C7-575EB37BBA39}.Release|Any CPU.ActiveCfg = Release|Any CPU
		{AB2D9879-0BD1-4468-A8C7-575EB37BBA39}.Release|Any CPU.Build.0 = Release|Any CPU
	EndGlobalSection
	GlobalSection(SolutionProperties) = preSolution
		HideSolutionNode = FALSE
	EndGlobalSection
	GlobalSection(ExtensibilityGlobals) = postSolution
		SolutionGuid = {F79833BC-C044-4BCD-A322-090286EBC1FC}
	EndGlobalSection
EndGlobal
